Microsoft Visual Studio Solution File, Format Version 12.00
# Visual Studio Version 17
VisualStudioVersion = 17.5.2.0
MinimumVisualStudioVersion = 10.0.40219.1
Project("{FAE04EC0-301F-11D3-BF4B-00C04F79EFBC}") = "CapturaPantallaApp", "CapturaPantallaApp.csproj", "{DE99C43F-F880-1E21-3C07-FD6C62164654}"
EndProject
Global
	GlobalSection(SolutionConfigurationPlatforms) = preSolution
		Debug|Any CPU = Debug|Any CPU
		Release|Any CPU = Release|Any CPU
	EndGlobalSection
	GlobalSection(ProjectConfigurationPlatforms) = postSolution
		{DE99C43F-F880-1E21-3C07-FD6C62164654}.Debug|Any CPU.ActiveCfg = Debug|Any CPU
		{DE99C43F-F880-1E21-3C07-FD6C62164654}.Debug|Any CPU.Build.0 = Debug|Any CPU
		{DE99C43F-F880-1E21-3C07-FD6C62164654}.Release|Any CPU.ActiveCfg = Release|Any CPU
		{DE99C43F-F880-1E21-3C07-FD6C62164654}.Release|Any CPU.Build.0 = Release|Any CPU
	EndGlobalSection
	GlobalSection(SolutionProperties) = preSolution
		HideSolutionNode = FALSE
	EndGlobalSection
	GlobalSection(ExtensibilityGlobals) = postSolution
		SolutionGuid = {1B23E05E-70FE-4F65-AED1-A06E2488AC5A}
	EndGlobalSection
EndGlobal
